
Microsoft Visual Studio Solution File, Format Version 12.00
# Visual Studio Version 16
VisualStudioVersion = 16.0.30406.217
MinimumVisualStudioVersion = 10.0.40219.1
Project("{FAE04EC0-301F-11D3-BF4B-00C04F79EFBC}") = "ML_ObjectDetection", "ML_ObjectDetection\ML_ObjectDetection.csproj", "{D3B050CC-97D0-4CFF-B5EA-75F679E20E5A}"
EndProject
Global
	GlobalSection(SolutionConfigurationPlatforms) = preSolution
		Debug|Any CPU = Debug|Any CPU
		Release|Any CPU = Release|Any CPU
	EndGlobalSection
	GlobalSection(ProjectConfigurationPlatforms) = postSolution
		{D3B050CC-97D0-4CFF-B5EA-75F679E20E5A}.Debug|Any CPU.ActiveCfg = Debug|Any CPU
		{D3B050CC-97D0-4CFF-B5EA-75F679E20E5A}.Debug|Any CPU.Build.0 = Debug|Any CPU
		{D3B050CC-97D0-4CFF-B5EA-75F679E20E5A}.Release|Any CPU.ActiveCfg = Release|Any CPU
		{D3B050CC-97D0-4CFF-B5EA-75F679E20E5A}.Release|Any CPU.Build.0 = Release|Any CPU
	EndGlobalSection
	GlobalSection(SolutionProperties) = preSolution
		HideSolutionNode = FALSE
	EndGlobalSection
	GlobalSection(ExtensibilityGlobals) = postSolution
		SolutionGuid = {3062CAD5-26F8-43A1-B936-BE9E1ECCEF35}
	EndGlobalSection
EndGlobal
